
Microsoft Visual Studio Solution File, Format Version 12.00
# Visual Studio 14
VisualStudioVersion = 14.0.25420.1
MinimumVisualStudioVersion = 10.0.40219.1
Project("{FAE04EC0-301F-11D3-BF4B-00C04F79EFBC}") = "Navigationexample", "Navigationexample\Navigationexample.csproj", "{71DE5F18-9C50-4794-A2A3-2FAF93DD2614}"
EndProject
Global
	GlobalSection(SolutionConfigurationPlatforms) = preSolution
		Debug|ARM = Debug|ARM
		Debug|x64 = Debug|x64
		Debug|x86 = Debug|x86
		Release|ARM = Release|ARM
		Release|x64 = Release|x64
		Release|x86 = Release|x86
	EndGlobalSection
	GlobalSection(ProjectConfigurationPlatforms) = postSolution
		{71DE5F18-9C50-4794-A2A3-2FAF93DD2614}.Debug|ARM.ActiveCfg = Debug|ARM
		{71DE5F18-9C50-4794-A2A3-2FAF93DD2614}.Debug|ARM.Build.0 = Debug|ARM
		{71DE5F18-9C50-4794-A2A3-2FAF93DD2614}.Debug|ARM.Deploy.0 = Debug|ARM
		{71DE5F18-9C50-4794-A2A3-2FAF93DD2614}.Debug|x64.ActiveCfg = Debug|x64
		{71DE5F18-9C50-4794-A2A3-2FAF93DD2614}.Debug|x64.Build.0 = Debug|x64
		{71DE5F18-9C50-4794-A2A3-2FAF93DD2614}.Debug|x64.Deploy.0 = Debug|x64
		{71DE5F18-9C50-4794-A2A3-2FAF93DD2614}.Debug|x86.ActiveCfg = Debug|x86
		{71DE5F18-9C50-4794-A2A3-2FAF93DD2614}.Debug|x86.Build.0 = Debug|x86
		{71DE5F18-9C50-4794-A2A3-2FAF93DD2614}.Debug|x86.Deploy.0 = Debug|x86
		{71DE5F18-9C50-4794-A2A3-2FAF93DD2614}.Release|ARM.ActiveCfg = Release|ARM
		{71DE5F18-9C50-4794-A2A3-2FAF93DD2614}.Release|ARM.Build.0 = Release|ARM
		{71DE5F18-9C50-4794-A2A3-2FAF93DD2614}.Release|ARM.Deploy.0 = Release|ARM
		{71DE5F18-9C50-4794-A2A3-2FAF93DD2614}.Release|x64.ActiveCfg = Release|x64
		{71DE5F18-9C50-4794-A2A3-2FAF93DD2614}.Release|x64.Build.0 = Release|x64
		{71DE5F18-9C50-4794-A2A3-2FAF93DD2614}.Release|x64.Deploy.0 = Release|x64
		{71DE5F18-9C50-4794-A2A3-2FAF93DD2614}.Release|x86.ActiveCfg = Release|x86
		{71DE5F18-9C50-4794-A2A3-2FAF93DD2614}.Release|x86.Build.0 = Release|x86
		{71DE5F18-9C50-4794-A2A3-2FAF93DD2614}.Release|x86.Deploy.0 = Release|x86
	EndGlobalSection
	GlobalSection(SolutionProperties) = preSolution
		HideSolutionNode = FALSE
	EndGlobalSection
EndGlobal
